
Microsoft Visual Studio Solution File, Format Version 12.00
# Visual Studio 15
VisualStudioVersion = 15.0.27130.2027
MinimumVisualStudioVersion = 10.0.40219.1
Project("{FAE04EC0-301F-11D3-BF4B-00C04F79EFBC}") = "Deutsch1.Android", "Deutsch1\Deutsch1.Android\Deutsch1.Android.csproj", "{F5374B74-9DAA-450F-AA5B-CDEFE2E3904C}"
EndProject
Project("{FAE04EC0-301F-11D3-BF4B-00C04F79EFBC}") = "Deutsch1.iOS", "Deutsch1\Deutsch1.iOS\Deutsch1.iOS.csproj", "{AD52E92D-D420-4F85-95A5-62BD87393A87}"
EndProject
Project("{FAE04EC0-301F-11D3-BF4B-00C04F79EFBC}") = "Deutsch1.UWP", "Deutsch1\Deutsch1.UWP\Deutsch1.UWP.csproj", "{9EB2145A-6A90-449D-98BE-2DA2126030AF}"
EndProject
Project("{FAE04EC0-301F-11D3-BF4B-00C04F79EFBC}") = "Deutsch1", "Deutsch1\Deutsch1\Deutsch1.csproj", "{9468734B-0906-437F-9C63-6C04448A5D17}"
EndProject
Global
	GlobalSection(SolutionConfigurationPlatforms) = preSolution
		Ad-Hoc|Any CPU = Ad-Hoc|Any CPU
		Ad-Hoc|ARM = Ad-Hoc|ARM
		Ad-Hoc|iPhone = Ad-Hoc|iPhone
		Ad-Hoc|iPhoneSimulator = Ad-Hoc|iPhoneSimulator
		Ad-Hoc|x64 = Ad-Hoc|x64
		Ad-Hoc|x86 = Ad-Hoc|x86
		AppStore|Any CPU = AppStore|Any CPU
		AppStore|ARM = AppStore|ARM
		AppStore|iPhone = AppStore|iPhone
		AppStore|iPhoneSimulator = AppStore|iPhoneSimulator
		AppStore|x64 = AppStore|x64
		AppStore|x86 = AppStore|x86
		Debug|Any CPU = Debug|Any CPU
		Debug|ARM = Debug|ARM
		Debug|iPhone = Debug|iPhone
		Debug|iPhoneSimulator = Debug|iPhoneSimulator
		Debug|x64 = Debug|x64
		Debug|x86 = Debug|x86
		Release|Any CPU = Release|Any CPU
		Release|ARM = Release|ARM
		Release|iPhone = Release|iPhone
		Release|iPhoneSimulator = Release|iPhoneSimulator
		Release|x64 = Release|x64
		Release|x86 = Release|x86
	EndGlobalSection
	GlobalSection(ProjectConfigurationPlatforms) = postSolution
		{F5374B74-9DAA-450F-AA5B-CDEFE2E3904C}.Ad-Hoc|Any CPU.ActiveCfg = Release|Any CPU
		{F5374B74-9DAA-450F-AA5B-CDEFE2E3904C}.Ad-Hoc|Any CPU.Build.0 = Release|Any CPU
		{F5374B74-9DAA-450F-AA5B-CDEFE2E3904C}.Ad-Hoc|Any CPU.Deploy.0 = Release|Any CPU
		{F5374B74-9DAA-450F-AA5B-CDEFE2E3904C}.Ad-Hoc|ARM.ActiveCfg = Release|Any CPU
		{F5374B74-9DAA-450F-AA5B-CDEFE2E3904C}.Ad-Hoc|ARM.Build.0 = Release|Any CPU
		{F5374B74-9DAA-450F-AA5B-CDEFE2E3904C}.Ad-Hoc|ARM.Deploy.0 = Release|Any CPU
		{F5374B74-9DAA-450F-AA5B-CDEFE2E3904C}.Ad-Hoc|iPhone.ActiveCfg = Release|Any CPU
		{F5374B74-9DAA-450F-AA5B-CDEFE2E3904C}.Ad-Hoc|iPhone.Build.0 = Release|Any CPU
		{F5374B74-9DAA-450F-AA5B-CDEFE2E3904C}.Ad-Hoc|iPhone.Deploy.0 = Release|Any CPU
		{F5374B74-9DAA-450F-AA5B-CDEFE2E3904C}.Ad-Hoc|iPhoneSimulator.ActiveCfg = Release|Any CPU
		{F5374B74-9DAA-450F-AA5B-CDEFE2E3904C}.Ad-Hoc|iPhoneSimulator.Build.0 = Release|Any CPU
		{F5374B74-9DAA-450F-AA5B-CDEFE2E3904C}.Ad-Hoc|iPhoneSimulator.Deploy.0 = Release|Any CPU
		{F5374B74-9DAA-450F-AA5B-CDEFE2E3904C}.Ad-Hoc|x64.ActiveCfg = Release|Any CPU
		{F5374B74-9DAA-450F-AA5B-CDEFE2E3904C}.Ad-Hoc|x64.Build.0 = Release|Any CPU
		{F5374B74-9DAA-450F-AA5B-CDEFE2E3904C}.Ad-Hoc|x64.Deploy.0 = Release|Any CPU
		{F5374B74-9DAA-450F-AA5B-CDEFE2E3904C}.Ad-Hoc|x86.ActiveCfg = Release|Any CPU
		{F5374B74-9DAA-450F-AA5B-CDEFE2E3904C}.Ad-Hoc|x86.Build.0 = Release|Any CPU
		{F5374B74-9DAA-450F-AA5B-CDEFE2E3904C}.Ad-Hoc|x86.Deploy.0 = Release|Any CPU
		{F5374B74-9DAA-450F-AA5B-CDEFE2E3904C}.AppStore|Any CPU.ActiveCfg = Release|Any CPU
		{F5374B74-9DAA-450F-AA5B-CDEFE2E3904C}.AppStore|Any CPU.Build.0 = Release|Any CPU
		{F5374B74-9DAA-450F-AA5B-CDEFE2E3904C}.AppStore|Any CPU.Deploy.0 = Release|Any CPU
		{F5374B74-9DAA-450F-AA5B-CDEFE2E3904C}.AppStore|ARM.ActiveCfg = Release|Any CPU
		{F5374B74-9DAA-450F-AA5B-CDEFE2E3904C}.AppStore|ARM.Build.0 = Release|Any CPU
		{F5374B74-9DAA-450F-AA5B-CDEFE2E3904C}.AppStore|ARM.Deploy.0 = Release|Any CPU
		{F5374B74-9DAA-450F-AA5B-CDEFE2E3904C}.AppStore|iPhone.ActiveCfg = Release|Any CPU
		{F5374B74-9DAA-450F-AA5B-CDEFE2E3904C}.AppStore|iPhone.Build.0 = Release|Any CPU
		{F5374B74-9DAA-450F-AA5B-CDEFE2E3904C}.AppStore|iPhone.Deploy.0 = Release|Any CPU
		{F5374B74-9DAA-450F-AA5B-CDEFE2E3904C}.AppStore|iPhoneSimulator.ActiveCfg = Release|Any CPU
		{F5374B74-9DAA-450F-AA5B-CDEFE2E3904C}.AppStore|iPhoneSimulator.Build.0 = Release|Any CPU
		{F5374B74-9DAA-450F-AA5B-CDEFE2E3904C}.AppStore|iPhoneSimulator.Deploy.0 = Release|Any CPU
		{F5374B74-9DAA-450F-AA5B-CDEFE2E3904C}.AppStore|x64.ActiveCfg = Release|Any CPU
		{F5374B74-9DAA-450F-AA5B-CDEFE2E3904C}.AppStore|x64.Build.0 = Release|Any CPU
		{F5374B74-9DAA-450F-AA5B-CDEFE2E3904C}.AppStore|x64.Deploy.0 = Release|Any CPU
		{F5374B74-9DAA-450F-AA5B-CDEFE2E3904C}.AppStore|x86.ActiveCfg = Release|Any CPU
		{F5374B74-9DAA-450F-AA5B-CDEFE2E3904C}.AppStore|x86.Build.0 = Release|Any CPU
		{F5374B74-9DAA-450F-AA5B-CDEFE2E3904C}.AppStore|x86.Deploy.0 = Release|Any CPU
		{F5374B74-9DAA-450F-AA5B-CDEFE2E3904C}.Debug|Any CPU.ActiveCfg = Debug|Any CPU
		{F5374B74-9DAA-450F-AA5B-CDEFE2E3904C}.Debug|Any CPU.Build.0 = Debug|Any CPU
		{F5374B74-9DAA-450F-AA5B-CDEFE2E3904C}.Debug|Any CPU.Deploy.0 = Debug|Any CPU
		{F5374B74-9DAA-450F-AA5B-CDEFE2E3904C}.Debug|ARM.ActiveCfg = Debug|Any CPU
		{F5374B74-9DAA-450F-AA5B-CDEFE2E3904C}.Debug|ARM.Build.0 = Debug|Any CPU
		{F5374B74-9DAA-450F-AA5B-CDEFE2E3904C}.Debug|ARM.Deploy.0 = Debug|Any CPU
		{F5374B74-9DAA-450F-AA5B-CDEFE2E3904C}.Debug|iPhone.ActiveCfg = Debug|Any CPU
		{F5374B74-9DAA-450F-AA5B-CDEFE2E3904C}.Debug|iPhone.Build.0 = Debug|Any CPU
		{F5374B74-9DAA-450F-AA5B-CDEFE2E3904C}.Debug|iPhone.Deploy.0 = Debug|Any CPU
		{F5374B74-9DAA-450F-AA5B-CDEFE2E3904C}.Debug|iPhoneSimulator.ActiveCfg = Debug|Any CPU
		{F5374B74-9DAA-450F-AA5B-CDEFE2E3904C}.Debug|iPhoneSimulator.Build.0 = Debug|Any CPU
		{F5374B74-9DAA-450F-AA5B-CDEFE2E3904C}.Debug|iPhoneSimulator.Deploy.0 = Debug|Any CPU
		{F5374B74-9DAA-450F-AA5B-CDEFE2E3904C}.Debug|x64.ActiveCfg = Debug|Any CPU
		{F5374B74-9DAA-450F-AA5B-CDEFE2E3904C}.Debug|x64.Build.0 = Debug|Any CPU
		{F5374B74-9DAA-450F-AA5B-CDEFE2E3904C}.Debug|x64.Deploy.0 = Debug|Any CPU
		{F5374B74-9DAA-450F-AA5B-CDEFE2E3904C}.Debug|x86.ActiveCfg = Debug|Any CPU
		{F5374B74-9DAA-450F-AA5B-CDEFE2E3904C}.Debug|x86.Build.0 = Debug|Any CPU
		{F5374B74-9DAA-450F-AA5B-CDEFE2E3904C}.Debug|x86.Deploy.0 = Debug|Any CPU
		{F5374B74-9DAA-450F-AA5B-CDEFE2E3904C}.Release|Any CPU.ActiveCfg = Release|Any CPU
		{F5374B74-9DAA-450F-AA5B-CDEFE2E3904C}.Release|Any CPU.Build.0 = Release|Any CPU
		{F5374B74-9DAA-450F-AA5B-CDEFE2E3904C}.Release|Any CPU.Deploy.0 = Release|Any CPU
		{F5374B74-9DAA-450F-AA5B-CDEFE2E3904C}.Release|ARM.ActiveCfg = Release|Any CPU
		{F5374B74-9DAA-450F-AA5B-CDEFE2E3904C}.Release|ARM.Build.0 = Release|Any CPU
		{F5374B74-9DAA-450F-AA5B-CDEFE2E3904C}.Release|ARM.Deploy.0 = Release|Any CPU
		{F5374B74-9DAA-450F-AA5B-CDEFE2E3904C}.Release|iPhone.ActiveCfg = Release|Any CPU
		{F5374B74-9DAA-450F-AA5B-CDEFE2E3904C}.Release|iPhone.Build.0 = Release|Any CPU
		{F5374B74-9DAA-450F-AA5B-CDEFE2E3904C}.Release|iPhone.Deploy.0 = Release|Any CPU
		{F5374B74-9DAA-450F-AA5B-CDEFE2E3904C}.Release|iPhoneSimulator.ActiveCfg = Release|Any CPU
		{F5374B74-9DAA-450F-AA5B-CDEFE2E3904C}.Release|iPhoneSimulator.Build.0 = Release|Any CPU
		{F5374B74-9DAA-450F-AA5B-CDEFE2E3904C}.Release|iPhoneSimulator.Deploy.0 = Release|Any CPU
		{F5374B74-9DAA-450F-AA5B-CDEFE2E3904C}.Release|x64.ActiveCfg = Release|Any CPU
		{F5374B74-9DAA-450F-AA5B-CDEFE2E3904C}.Release|x64.Build.0 = Release|Any CPU
		{F5374B74-9DAA-450F-AA5B-CDEFE2E3904C}.Release|x64.Deploy.0 = Release|Any CPU
		{F5374B74-9DAA-450F-AA5B-CDEFE2E3904C}.Release|x86.ActiveCfg = Release|Any CPU
		{F5374B74-9DAA-450F-AA5B-CDEFE2E3904C}.Release|x86.Build.0 = Release|Any CPU
		{F5374B74-9DAA-450F-AA5B-CDEFE2E3904C}.Release|x86.Deploy.0 = Release|Any CPU
		{AD52E92D-D420-4F85-95A5-62BD87393A87}.Ad-Hoc|Any CPU.ActiveCfg = Ad-Hoc|iPhone
		{AD52E92D-D420-4F85-95A5-62BD87393A87}.Ad-Hoc|ARM.ActiveCfg = Ad-Hoc|iPhone
		{AD52E92D-D420-4F85-95A5-62BD87393A87}.Ad-Hoc|iPhone.ActiveCfg = Ad-Hoc|iPhone
		{AD52E92D-D420-4F85-95A5-62BD87393A87}.Ad-Hoc|iPhone.Build.0 = Ad-Hoc|iPhone
		{AD52E92D-D420-4F85-95A5-62BD87393A87}.Ad-Hoc|iPhoneSimulator.ActiveCfg = Ad-Hoc|iPhoneSimulator
		{AD52E92D-D420-4F85-95A5-62BD87393A87}.Ad-Hoc|iPhoneSimulator.Build.0 = Ad-Hoc|iPhoneSimulator
		{AD52E92D-D420-4F85-95A5-62BD87393A87}.Ad-Hoc|x64.ActiveCfg = Ad-Hoc|iPhone
		{AD52E92D-D420-4F85-95A5-62BD87393A87}.Ad-Hoc|x86.ActiveCfg = Ad-Hoc|iPhone
		{AD52E92D-D420-4F85-95A5-62BD87393A87}.AppStore|Any CPU.ActiveCfg = AppStore|iPhone
		{AD52E92D-D420-4F85-95A5-62BD87393A87}.AppStore|ARM.ActiveCfg = AppStore|iPhone
		{AD52E92D-D420-4F85-95A5-62BD87393A87}.AppStore|iPhone.ActiveCfg = AppStore|iPhone
		{AD52E92D-D420-4F85-95A5-62BD87393A87}.AppStore|iPhone.Build.0 = AppStore|iPhone
		{AD52E92D-D420-4F85-95A5-62BD87393A87}.AppStore|iPhoneSimulator.ActiveCfg = AppStore|iPhoneSimulator
		{AD52E92D-D420-4F85-95A5-62BD87393A87}.AppStore|iPhoneSimulator.Build.0 = AppStore|iPhoneSimulator
		{AD52E92D-D420-4F85-95A5-62BD87393A87}.AppStore|x64.ActiveCfg = AppStore|iPhone
		{AD52E92D-D420-4F85-95A5-62BD87393A87}.AppStore|x86.ActiveCfg = AppStore|iPhone
		{AD52E92D-D420-4F85-95A5-62BD87393A87}.Debug|Any CPU.ActiveCfg = Debug|iPhone
		{AD52E92D-D420-4F85-95A5-62BD87393A87}.Debug|ARM.ActiveCfg = Debug|iPhone
		{AD52E92D-D420-4F85-95A5-62BD87393A87}.Debug|iPhone.ActiveCfg = Debug|iPhone
		{AD52E92D-D420-4F85-95A5-62BD87393A87}.Debug|iPhone.Build.0 = Debug|iPhone
		{AD52E92D-D420-4F85-95A5-62BD87393A87}.Debug|iPhoneSimulator.ActiveCfg = Debug|iPhoneSimulator
		{AD52E92D-D420-4F85-95A5-62BD87393A87}.Debug|iPhoneSimulator.Build.0 = Debug|iPhoneSimulator
		{AD52E92D-D420-4F85-95A5-62BD87393A87}.Debug|x64.ActiveCfg = Debug|iPhone
		{AD52E92D-D420-4F85-95A5-62BD87393A87}.Debug|x86.ActiveCfg = Debug|iPhone
		{AD52E92D-D420-4F85-95A5-62BD87393A87}.Release|Any CPU.ActiveCfg = Release|iPhone
		{AD52E92D-D420-4F85-95A5-62BD87393A87}.Release|ARM.ActiveCfg = Release|iPhone
		{AD52E92D-D420-4F85-95A5-62BD87393A87}.Release|iPhone.ActiveCfg = Release|iPhone
		{AD52E92D-D420-4F85-95A5-62BD87393A87}.Release|iPhone.Build.0 = Release|iPhone
		{AD52E92D-D420-4F85-95A5-62BD87393A87}.Release|iPhoneSimulator.ActiveCfg = Release|iPhoneSimulator
		{AD52E92D-D420-4F85-95A5-62BD87393A87}.Release|iPhoneSimulator.Build.0 = Release|iPhoneSimulator
		{AD52E92D-D420-4F85-95A5-62BD87393A87}.Release|x64.ActiveCfg = Release|iPhone
		{AD52E92D-D420-4F85-95A5-62BD87393A87}.Release|x86.ActiveCfg = Release|iPhone
		{9EB2145A-6A90-449D-98BE-2DA2126030AF}.Ad-Hoc|Any CPU.ActiveCfg = Release|x86
		{9EB2145A-6A90-449D-98BE-2DA2126030AF}.Ad-Hoc|Any CPU.Build.0 = Release|x86
		{9EB2145A-6A90-449D-98BE-2DA2126030AF}.Ad-Hoc|Any CPU.Deploy.0 = Release|x86
		{9EB2145A-6A90-449D-98BE-2DA2126030AF}.Ad-Hoc|ARM.ActiveCfg = Release|ARM
		{9EB2145A-6A90-449D-98BE-2DA2126030AF}.Ad-Hoc|ARM.Build.0 = Release|ARM
		{9EB2145A-6A90-449D-98BE-2DA2126030AF}.Ad-Hoc|ARM.Deploy.0 = Release|ARM
		{9EB2145A-6A90-449D-98BE-2DA2126030AF}.Ad-Hoc|iPhone.ActiveCfg = Release|x86
		{9EB2145A-6A90-449D-98BE-2DA2126030AF}.Ad-Hoc|iPhone.Build.0 = Release|x86
		{9EB2145A-6A90-449D-98BE-2DA2126030AF}.Ad-Hoc|iPhone.Deploy.0 = Release|x86
		{9EB2145A-6A90-449D-98BE-2DA2126030AF}.Ad-Hoc|iPhoneSimulator.ActiveCfg = Release|x86
		{9EB2145A-6A90-449D-98BE-2DA2126030AF}.Ad-Hoc|iPhoneSimulator.Build.0 = Release|x86
		{9EB2145A-6A90-449D-98BE-2DA2126030AF}.Ad-Hoc|iPhoneSimulator.Deploy.0 = Release|x86
		{9EB2145A-6A90-449D-98BE-2DA2126030AF}.Ad-Hoc|x64.ActiveCfg = Release|x64
		{9EB2145A-6A90-449D-98BE-2DA2126030AF}.Ad-Hoc|x64.Build.0 = Release|x64
		{9EB2145A-6A90-449D-98BE-2DA2126030AF}.Ad-Hoc|x64.Deploy.0 = Release|x64
		{9EB2145A-6A90-449D-98BE-2DA2126030AF}.Ad-Hoc|x86.ActiveCfg = Release|x86
		{9EB2145A-6A90-449D-98BE-2DA2126030AF}.Ad-Hoc|x86.Build.0 = Release|x86
		{9EB2145A-6A90-449D-98BE-2DA2126030AF}.Ad-Hoc|x86.Deploy.0 = Release|x86
		{9EB2145A-6A90-449D-98BE-2DA2126030AF}.AppStore|Any CPU.ActiveCfg = Release|x86
		{9EB2145A-6A90-449D-98BE-2DA2126030AF}.AppStore|Any CPU.Build.0 = Release|x86
		{9EB2145A-6A90-449D-98BE-2DA2126030AF}.AppStore|Any CPU.Deploy.0 = Release|x86
		{9EB2145A-6A90-449D-98BE-2DA2126030AF}.AppStore|ARM.ActiveCfg = Release|ARM
		{9EB2145A-6A90-449D-98BE-2DA2126030AF}.AppStore|ARM.Build.0 = Release|ARM
		{9EB2145A-6A90-449D-98BE-2DA2126030AF}.AppStore|ARM.Deploy.0 = Release|ARM
		{9EB2145A-6A90-449D-98BE-2DA2126030AF}.AppStore|iPhone.ActiveCfg = Release|x86
		{9EB2145A-6A90-449D-98BE-2DA2126030AF}.AppStore|iPhone.Build.0 = Release|x86
		{9EB2145A-6A90-449D-98BE-2DA2126030AF}.AppStore|iPhone.Deploy.0 = Release|x86
		{9EB2145A-6A90-449D-98BE-2DA2126030AF}.AppStore|iPhoneSimulator.ActiveCfg = Release|x86
		{9EB2145A-6A90-449D-98BE-2DA2126030AF}.AppStore|iPhoneSimulator.Build.0 = Release|x86
		{9EB2145A-6A90-449D-98BE-2DA2126030AF}.AppStore|iPhoneSimulator.Deploy.0 = Release|x86
		{9EB2145A-6A90-449D-98BE-2DA2126030AF}.AppStore|x64.ActiveCfg = Release|x64
		{9EB2145A-6A90-449D-98BE-2DA2126030AF}.AppStore|x64.Build.0 = Release|x64
		{9EB2145A-6A90-449D-98BE-2DA2126030AF}.AppStore|x64.Deploy.0 = Release|x64
		{9EB2145A-6A90-449D-98BE-2DA2126030AF}.AppStore|x86.ActiveCfg = Release|x86
		{9EB2145A-6A90-449D-98BE-2DA2126030AF}.AppStore|x86.Build.0 = Release|x86
		{9EB2145A-6A90-449D-98BE-2DA2126030AF}.AppStore|x86.Deploy.0 = Release|x86
		{9EB2145A-6A90-449D-98BE-2DA2126030AF}.Debug|Any CPU.ActiveCfg = Debug|x86
		{9EB2145A-6A90-449D-98BE-2DA2126030AF}.Debug|ARM.ActiveCfg = Debug|ARM
		{9EB2145A-6A90-449D-98BE-2DA2126030AF}.Debug|ARM.Build.0 = Debug|ARM
		{9EB2145A-6A90-449D-98BE-2DA2126030AF}.Debug|ARM.Deploy.0 = Debug|ARM
		{9EB2145A-6A90-449D-98BE-2DA2126030AF}.Debug|iPhone.ActiveCfg = Debug|x86
		{9EB2145A-6A90-449D-98BE-2DA2126030AF}.Debug|iPhoneSimulator.ActiveCfg = Debug|x86
		{9EB2145A-6A90-449D-98BE-2DA2126030AF}.Debug|x64.ActiveCfg = Debug|x64
		{9EB2145A-6A90-449D-98BE-2DA2126030AF}.Debug|x64.Build.0 = Debug|x64
		{9EB2145A-6A90-449D-98BE-2DA2126030AF}.Debug|x64.Deploy.0 = Debug|x64
		{9EB2145A-6A90-449D-98BE-2DA2126030AF}.Debug|x86.ActiveCfg = Debug|x86
		{9EB2145A-6A90-449D-98BE-2DA2126030AF}.Debug|x86.Build.0 = Debug|x86
		{9EB2145A-6A90-449D-98BE-2DA2126030AF}.Debug|x86.Deploy.0 = Debug|x86
		{9EB2145A-6A90-449D-98BE-2DA2126030AF}.Release|Any CPU.ActiveCfg = Release|x86
		{9EB2145A-6A90-449D-98BE-2DA2126030AF}.Release|ARM.ActiveCfg = Release|ARM
		{9EB2145A-6A90-449D-98BE-2DA2126030AF}.Release|ARM.Build.0 = Release|ARM
		{9EB2145A-6A90-449D-98BE-2DA2126030AF}.Release|ARM.Deploy.0 = Release|ARM
		{9EB2145A-6A90-449D-98BE-2DA2126030AF}.Release|iPhone.ActiveCfg = Release|x86
		{9EB2145A-6A90-449D-98BE-2DA2126030AF}.Release|iPhoneSimulator.ActiveCfg = Release|x86
		{9EB2145A-6A90-449D-98BE-2DA2126030AF}.Release|x64.ActiveCfg = Release|x64
		{9EB2145A-6A90-449D-98BE-2DA2126030AF}.Release|x64.Build.0 = Release|x64
		{9EB2145A-6A90-449D-98BE-2DA2126030AF}.Release|x64.Deploy.0 = Release|x64
		{9EB2145A-6A90-449D-98BE-2DA2126030AF}.Release|x86.ActiveCfg = Release|x86
		{9EB2145A-6A90-449D-98BE-2DA2126030AF}.Release|x86.Build.0 = Release|x86
		{9EB2145A-6A90-449D-98BE-2DA2126030AF}.Release|x86.Deploy.0 = Release|x86
		{9468734B-0906-437F-9C63-6C04448A5D17}.Ad-Hoc|Any CPU.ActiveCfg = Debug|Any CPU
		{9468734B-0906-437F-9C63-6C04448A5D17}.Ad-Hoc|Any CPU.Build.0 = Debug|Any CPU
		{9468734B-0906-437F-9C63-6C04448A5D17}.Ad-Hoc|ARM.ActiveCfg = Debug|Any CPU
		{9468734B-0906-437F-9C63-6C04448A5D17}.Ad-Hoc|ARM.Build.0 = Debug|Any CPU
		{9468734B-0906-437F-9C63-6C04448A5D17}.Ad-Hoc|iPhone.ActiveCfg = Debug|Any CPU
		{9468734B-0906-437F-9C63-6C04448A5D17}.Ad-Hoc|iPhone.Build.0 = Debug|Any CPU
		{9468734B-0906-437F-9C63-6C04448A5D17}.Ad-Hoc|iPhoneSimulator.ActiveCfg = Debug|Any CPU
		{9468734B-0906-437F-9C63-6C04448A5D17}.Ad-Hoc|iPhoneSimulator.Build.0 = Debug|Any CPU
		{9468734B-0906-437F-9C63-6C04448A5D17}.Ad-Hoc|x64.ActiveCfg = Debug|Any CPU
		{9468734B-0906-437F-9C63-6C04448A5D17}.Ad-Hoc|x64.Build.0 = Debug|Any CPU
		{9468734B-0906-437F-9C63-6C04448A5D17}.Ad-Hoc|x86.ActiveCfg = Debug|Any CPU
		{9468734B-0906-437F-9C63-6C04448A5D17}.Ad-Hoc|x86.Build.0 = Debug|Any CPU
		{9468734B-0906-437F-9C63-6C04448A5D17}.AppStore|Any CPU.ActiveCfg = Debug|Any CPU
		{9468734B-0906-437F-9C63-6C04448A5D17}.AppStore|Any CPU.Build.0 = Debug|Any CPU
		{9468734B-0906-437F-9C63-6C04448A5D17}.AppStore|ARM.ActiveCfg = Debug|Any CPU
		{9468734B-0906-437F-9C63-6C04448A5D17}.AppStore|ARM.Build.0 = Debug|Any CPU
		{9468734B-0906-437F-9C63-6C04448A5D17}.AppStore|iPhone.ActiveCfg = Debug|Any CPU
		{9468734B-0906-437F-9C63-6C04448A5D17}.AppStore|iPhone.Build.0 = Debug|Any CPU
		{9468734B-0906-437F-9C63-6C04448A5D17}.AppStore|iPhoneSimulator.ActiveCfg = Debug|Any CPU
		{9468734B-0906-437F-9C63-6C04448A5D17}.AppStore|iPhoneSimulator.Build.0 = Debug|Any CPU
		{9468734B-0906-437F-9C63-6C04448A5D17}.AppStore|x64.ActiveCfg = Debug|Any CPU
		{9468734B-0906-437F-9C63-6C04448A5D17}.AppStore|x64.Build.0 = Debug|Any CPU
		{9468734B-0906-437F-9C63-6C04448A5D17}.AppStore|x86.ActiveCfg = Debug|Any CPU
		{9468734B-0906-437F-9C63-6C04448A5D17}.AppStore|x86.Build.0 = Debug|Any CPU
		{9468734B-0906-437F-9C63-6C04448A5D17}.Debug|Any CPU.ActiveCfg = Debug|Any CPU
		{9468734B-0906-437F-9C63-6C04448A5D17}.Debug|Any CPU.Build.0 = Debug|Any CPU
		{9468734B-0906-437F-9C63-6C04448A5D17}.Debug|ARM.ActiveCfg = Debug|Any CPU
		{9468734B-0906-437F-9C63-6C04448A5D17}.Debug|ARM.Build.0 = Debug|Any CPU
		{9468734B-0906-437F-9C63-6C04448A5D17}.Debug|iPhone.ActiveCfg = Debug|Any CPU
		{9468734B-0906-437F-9C63-6C04448A5D17}.Debug|iPhone.Build.0 = Debug|Any CPU
		{9468734B-0906-437F-9C63-6C04448A5D17}.Debug|iPhoneSimulator.ActiveCfg = Debug|Any CPU
		{9468734B-0906-437F-9C63-6C04448A5D17}.Debug|iPhoneSimulator.Build.0 = Debug|Any CPU
		{9468734B-0906-437F-9C63-6C04448A5D17}.Debug|x64.ActiveCfg = Debug|Any CPU
		{9468734B-0906-437F-9C63-6C04448A5D17}.Debug|x64.Build.0 = Debug|Any CPU
		{9468734B-0906-437F-9C63-6C04448A5D17}.Debug|x86.ActiveCfg = Debug|Any CPU
		{9468734B-0906-437F-9C63-6C04448A5D17}.Debug|x86.Build.0 = Debug|Any CPU
		{9468734B-0906-437F-9C63-6C04448A5D17}.Release|Any CPU.ActiveCfg = Release|Any CPU
		{9468734B-0906-437F-9C63-6C04448A5D17}.Release|Any CPU.Build.0 = Release|Any CPU
		{9468734B-0906-437F-9C63-6C04448A5D17}.Release|ARM.ActiveCfg = Release|Any CPU
		{9468734B-0906-437F-9C63-6C04448A5D17}.Release|ARM.Build.0 = Release|Any CPU
		{9468734B-0906-437F-9C63-6C04448A5D17}.Release|iPhone.ActiveCfg = Release|Any CPU
		{9468734B-0906-437F-9C63-6C04448A5D17}.Release|iPhone.Build.0 = Release|Any CPU
		{9468734B-0906-437F-9C63-6C04448A5D17}.Release|iPhoneSimulator.ActiveCfg = Release|Any CPU
		{9468734B-0906-437F-9C63-6C04448A5D17}.Release|iPhoneSimulator.Build.0 = Release|Any CPU
		{9468734B-0906-437F-9C63-6C04448A5D17}.Release|x64.ActiveCfg = Release|Any CPU
		{9468734B-0906-437F-9C63-6C04448A5D17}.Release|x64.Build.0 = Release|Any CPU
		{9468734B-0906-437F-9C63-6C04448A5D17}.Release|x86.ActiveCfg = Release|Any CPU
		{9468734B-0906-437F-9C63-6C04448A5D17}.Release|x86.Build.0 = Release|Any CPU
	EndGlobalSection
	GlobalSection(SolutionProperties) = preSolution
		HideSolutionNode = FALSE
	EndGlobalSection
	GlobalSection(ExtensibilityGlobals) = postSolution
		SolutionGuid = {B4DE2F35-BA30-4DF6-8BE6-2F3231F144CF}
	EndGlobalSection
EndGlobal
